
Microsoft Visual Studio Solution File, Format Version 12.00
# Visual Studio Version 16
VisualStudioVersion = 16.0.30517.126
MinimumVisualStudioVersion = 10.0.40219.1
Project("{FAE04EC0-301F-11D3-BF4B-00C04F79EFBC}") = "TodoList", "TodoList\TodoList.csproj", "{B3E10984-4B49-4A6A-B896-DF2BEFC2F369}"
EndProject
Global
	GlobalSection(SolutionConfigurationPlatforms) = preSolution
		Debug|Any CPU = Debug|Any CPU
		Release|Any CPU = Release|Any CPU
	EndGlobalSection
	GlobalSection(ProjectConfigurationPlatforms) = postSolution
		{B3E10984-4B49-4A6A-B896-DF2BEFC2F369}.Debug|Any CPU.ActiveCfg = Debug|Any CPU
		{B3E10984-4B49-4A6A-B896-DF2BEFC2F369}.Debug|Any CPU.Build.0 = Debug|Any CPU
		{B3E10984-4B49-4A6A-B896-DF2BEFC2F369}.Release|Any CPU.ActiveCfg = Release|Any CPU
		{B3E10984-4B49-4A6A-B896-DF2BEFC2F369}.Release|Any CPU.Build.0 = Release|Any CPU
	EndGlobalSection
	GlobalSection(SolutionProperties) = preSolution
		HideSolutionNode = FALSE
	EndGlobalSection
	GlobalSection(ExtensibilityGlobals) = postSolution
		SolutionGuid = {C9B57A2F-40F7-4640-93AC-A35762FE44F6}
	EndGlobalSection
EndGlobal
